// !$*UTF8*$!
{
	archiveVersion = 1;
	classes = {
	};
	objectVersion = 46;
	objects = {

/* Begin PBXBuildFile section */
		8A8228721EC57F2B00B21A46 /* main.cpp in Sources */ = {isa = PBXBuildFile; fileRef = 8A82286F1EC57F2B00B21A46 /* main.cpp */; };
		8A8228731EC57F2B00B21A46 /* mousedraw.cpp in Sources */ = {isa = PBXBuildFile; fileRef = 8A8228701EC57F2B00B21A46 /* mousedraw.cpp */; };
/* End PBXBuildFile section */

/* Begin PBXCopyFilesBuildPhase section */
		8A8228631EC57F1100B21A46 /* CopyFiles */ = {
			isa = PBXCopyFilesBuildPhase;
			buildActionMask = 2147483647;
			dstPath = /usr/share/man/man1/;
			dstSubfolderSpec = 0;
			files = (
			);
			runOnlyForDeploymentPostprocessing = 1;
		};
/* End PBXCopyFilesBuildPhase section */

/* Begin PBXFileReference section */
		8A8228651EC57F1100B21A46 /* HandWriteTrain */ = {isa = PBXFileReference; explicitFileType = "compiled.mach-o.executable"; includeInIndex = 0; path = HandWriteTrain; sourceTree = BUILT_PRODUCTS_DIR; };
		8A82286F1EC57F2B00B21A46 /* main.cpp */ = {isa = PBXFileReference; fileEncoding = 4; lastKnownFileType = sourcecode.cpp.cpp; path = main.cpp; sourceTree = "<group>"; };
		8A8228701EC57F2B00B21A46 /* mousedraw.cpp */ = {isa = PBXFileReference; fileEncoding = 4; lastKnownFileType = sourcecode.cpp.cpp; path = mousedraw.cpp; sourceTree = "<group>"; };
		8A8228711EC57F2B00B21A46 /* mousedraw.h */ = {isa = PBXFileReference; fileEncoding = 4; lastKnownFileType = sourcecode.c.h; path = mousedraw.h; sourceTree = "<group>"; };
/* End PBXFileReference section */

/* Begin PBXFrameworksBuildPhase section */
		8A8228621EC57F1100B21A46 /* Frameworks */ = {
			isa = PBXFrameworksBuildPhase;
			buildActionMask = 2147483647;
			files = (
			);
			runOnlyForDeploymentPostprocessing = 0;
		};
/* End PBXFrameworksBuildPhase section */

/* Begin PBXGroup section */
		8A82285C1EC57F1100B21A46 = {
			isa = PBXGroup;
			children = (
				8A8228671EC57F1100B21A46 /* HandWriteTrain */,
				8A8228661EC57F1100B21A46 /* Products */,
			);
			sourceTree = "<group>";
		};
		8A8228661EC57F1100B21A46 /* Products */ = {
			isa = PBXGroup;
			children = (
				8A8228651EC57F1100B21A46 /* HandWriteTrain */,
			);
			name = Products;
			sourceTree = "<group>";
		};
		8A8228671EC57F1100B21A46 /* HandWriteTrain */ = {
			isa = PBXGroup;
			children = (
				8A82286F1EC57F2B00B21A46 /* main.cpp */,
				8A8228701EC57F2B00B21A46 /* mousedraw.cpp */,
				8A8228711EC57F2B00B21A46 /* mousedraw.h */,
			);
			path = HandWriteTrain;
			sourceTree = "<group>";
		};
/* End PBXGroup section */

/* Begin PBXNativeTarget section */
		8A8228641EC57F1100B21A46 /* HandWriteTrain */ = {
			isa = PBXNativeTarget;
			buildConfigurationList = 8A82286C1EC57F1100B21A46 /* Build configuration list for PBXNativeTarget "HandWriteTrain" */;
			buildPhases = (
				8A8228611EC57F1100B21A46 /* Sources */,
				8A8228621EC57F1100B21A46 /* Frameworks */,
				8A8228631EC57F1100B21A46 /* CopyFiles */,
			);
			buildRules = (
			);
			dependencies = (
			);
			name = HandWriteTrain;
			productName = HandWriteTrain;
			productReference = 8A8228651EC57F1100B21A46 /* HandWriteTrain */;
			productType = "com.apple.product-type.tool";
		};
/* End PBXNativeTarget section */

/* Begin PBXProject section */
		8A82285D1EC57F1100B21A46 /* Project object */ = {
			isa = PBXProject;
			attributes = {
				LastSwiftUpdateCheck = 0830;
				LastUpgradeCheck = 0830;
				ORGANIZATIONNAME = "Aamir Jawaid";
				TargetAttributes = {
					8A8228641EC57F1100B21A46 = {
						CreatedOnToolsVersion = 8.3.2;
						DevelopmentTeam = V2V32H7Y34;
						ProvisioningStyle = Automatic;
					};
				};
			};
			buildConfigurationList = 8A8228601EC57F1100B21A46 /* Build configuration list for PBXProject "HandWriteTrain" */;
			compatibilityVersion = "Xcode 3.2";
			developmentRegion = English;
			hasScannedForEncodings = 0;
			knownRegions = (
				en,
			);
			mainGroup = 8A82285C1EC57F1100B21A46;
			productRefGroup = 8A8228661EC57F1100B21A46 /* Products */;
			projectDirPath = "";
			projectRoot = "";
			targets = (
				8A8228641EC57F1100B21A46 /* HandWriteTrain */,
			);
		};
/* End PBXProject section */

/* Begin PBXSourcesBuildPhase section */
		8A8228611EC57F1100B21A46 /* Sources */ = {
			isa = PBXSourcesBuildPhase;
			buildActionMask = 2147483647;
			files = (
				8A8228721EC57F2B00B21A46 /* main.cpp in Sources */,
				8A8228731EC57F2B00B21A46 /* mousedraw.cpp in Sources */,
			);
			runOnlyForDeploymentPostprocessing = 0;
		};
/* End PBXSourcesBuildPhase section */

/* Begin XCBuildConfiguration section */
		8A82286A1EC57F1100B21A46 /* Debug */ = {
			isa = XCBuildConfiguration;
			buildSettings = {
				ALWAYS_SEARCH_USER_PATHS = NO;
				CLANG_ANALYZER_NONNULL = YES;
				CLANG_ANALYZER_NUMBER_OBJECT_CONVERSION = YES_AGGRESSIVE;
				CLANG_CXX_LANGUAGE_STANDARD = "gnu++0x";
				CLANG_CXX_LIBRARY = "libc++";
				CLANG_ENABLE_MODULES = YES;
				CLANG_ENABLE_OBJC_ARC = YES;
				CLANG_WARN_BOOL_CONVERSION = YES;
				CLANG_WARN_CONSTANT_CONVERSION = YES;
				CLANG_WARN_DIRECT_OBJC_ISA_USAGE = YES_ERROR;
				CLANG_WARN_DOCUMENTATION_COMMENTS = YES;
				CLANG_WARN_EMPTY_BODY = YES;
				CLANG_WARN_ENUM_CONVERSION = YES;
				CLANG_WARN_INFINITE_RECURSION = YES;
				CLANG_WARN_INT_CONVERSION = YES;
				CLANG_WARN_OBJC_ROOT_CLASS = YES_ERROR;
				CLANG_WARN_SUSPICIOUS_MOVE = YES;
				CLANG_WARN_UNREACHABLE_CODE = YES;
				CLANG_WARN__DUPLICATE_METHOD_MATCH = YES;
				CODE_SIGN_IDENTITY = "-";
				COPY_PHASE_STRIP = NO;
				DEBUG_INFORMATION_FORMAT = dwarf;
				ENABLE_STRICT_OBJC_MSGSEND = YES;
				ENABLE_TESTABILITY = YES;
				GCC_C_LANGUAGE_STANDARD = gnu99;
				GCC_DYNAMIC_NO_PIC = NO;
				GCC_NO_COMMON_BLOCKS = YES;
				GCC_OPTIMIZATION_LEVEL = 0;
				GCC_PREPROCESSOR_DEFINITIONS = (
					"DEBUG=1",
					"$(inherited)",
				);
				GCC_WARN_64_TO_32_BIT_CONVERSION = YES;
				GCC_WARN_ABOUT_RETURN_TYPE = YES_ERROR;
				GCC_WARN_UNDECLARED_SELECTOR = YES;
				GCC_WARN_UNINITIALIZED_AUTOS = YES_AGGRESSIVE;
				GCC_WARN_UNUSED_FUNCTION = YES;
				GCC_WARN_UNUSED_VARIABLE = YES;
				MACOSX_DEPLOYMENT_TARGET = 10.12;
				MTL_ENABLE_DEBUG_INFO = YES;
				ONLY_ACTIVE_ARCH = YES;
				SDKROOT = macosx;
				SWIFT_OPTIMIZATION_LEVEL = "-Onone";
			};
			name = Debug;
		};
		8A82286B1EC57F1100B21A46 /* Release */ = {
			isa = XCBuildConfiguration;
			buildSettings = {
				ALWAYS_SEARCH_USER_PATHS = NO;
				CLANG_ANALYZER_NONNULL = YES;
				CLANG_ANALYZER_NUMBER_OBJECT_CONVERSION = YES_AGGRESSIVE;
				CLANG_CXX_LANGUAGE_STANDARD = "gnu++0x";
				CLANG_CXX_LIBRARY = "libc++";
				CLANG_ENABLE_MODULES = YES;
				CLANG_ENABLE_OBJC_ARC = YES;
				CLANG_WARN_BOOL_CONVERSION = YES;
				CLANG_WARN_CONSTANT_CONVERSION = YES;
				CLANG_WARN_DIRECT_OBJC_ISA_USAGE = YES_ERROR;
				CLANG_WARN_DOCUMENTATION_COMMENTS = YES;
				CLANG_WARN_EMPTY_BODY = YES;
				CLANG_WARN_ENUM_CONVERSION = YES;
				CLANG_WARN_INFINITE_RECURSION = YES;
				CLANG_WARN_INT_CONVERSION = YES;
				CLANG_WARN_OBJC_ROOT_CLASS = YES_ERROR;
				CLANG_WARN_SUSPICIOUS_MOVE = YES;
				CLANG_WARN_UNREACHABLE_CODE = YES;
				CLANG_WARN__DUPLICATE_METHOD_MATCH = YES;
				CODE_SIGN_IDENTITY = "-";
				COPY_PHASE_STRIP = NO;
				DEBUG_INFORMATION_FORMAT = "dwarf-with-dsym";
				ENABLE_NS_ASSERTIONS = NO;
				ENABLE_STRICT_OBJC_MSGSEND = YES;
				GCC_C_LANGUAGE_STANDARD = gnu99;
				GCC_NO_COMMON_BLOCKS = YES;
				GCC_WARN_64_TO_32_BIT_CONVERSION = YES;
				GCC_WARN_ABOUT_RETURN_TYPE = YES_ERROR;
				GCC_WARN_UNDECLARED_SELECTOR = YES;
				GCC_WARN_UNINITIALIZED_AUTOS = YES_AGGRESSIVE;
				GCC_WARN_UNUSED_FUNCTION = YES;
				GCC_WARN_UNUSED_VARIABLE = YES;
				MACOSX_DEPLOYMENT_TARGET = 10.12;
				MTL_ENABLE_DEBUG_INFO = NO;
				SDKROOT = macosx;
			};
			name = Release;
		};
		8A82286D1EC57F1100B21A46 /* Debug */ = {
			isa = XCBuildConfiguration;
			buildSettings = {
				DEVELOPMENT_TEAM = V2V32H7Y34;
				HEADER_SEARCH_PATHS = /usr/local/Cellar/opencv3/3.2.0/include;
				LIBRARY_SEARCH_PATHS = /usr/local/Cellar/opencv3/3.2.0/lib;
				OTHER_LDFLAGS = (
					"-lopencv_calib3d",
					"-lopencv_core",
					"-lopencv_features2d",
					"-lopencv_flann",
					"-lopencv_highgui",
					"-lopencv_imgcodecs",
					"-lopencv_imgproc",
					"-lopencv_ml",
					"-lopencv_objdetect",
					"-lopencv_photo",
					"-lopencv_shape",
					"-lopencv_stitching",
					"-lopencv_superres",
					"-lopencv_video",
					"-lopencv_videoio",
					"-lopencv_videostab",
				);
				PRODUCT_NAME = "$(TARGET_NAME)";
				SWIFT_VERSION = 3.0;
			};
			name = Debug;
		};
		8A82286E1EC57F1100B21A46 /* Release */ = {
			isa = XCBuildConfiguration;
			buildSettings = {
				DEVELOPMENT_TEAM = V2V32H7Y34;
				HEADER_SEARCH_PATHS = /usr/local/Cellar/opencv3/3.2.0/include;
				LIBRARY_SEARCH_PATHS = /usr/local/Cellar/opencv3/3.2.0/lib;
				OTHER_LDFLAGS = (
					"-lopencv_calib3d",
					"-lopencv_core",
					"-lopencv_features2d",
					"-lopencv_flann",
					"-lopencv_highgui",
					"-lopencv_imgcodecs",
					"-lopencv_imgproc",
					"-lopencv_ml",
					"-lopencv_objdetect",
					"-lopencv_photo",
					"-lopencv_shape",
					"-lopencv_stitching",
					"-lopencv_superres",
					"-lopencv_video",
					"-lopencv_videoio",
					"-lopencv_videostab",
				);
				PRODUCT_NAME = "$(TARGET_NAME)";
				SWIFT_VERSION = 3.0;
			};
			name = Release;
		};
/* End XCBuildConfiguration section */

/* Begin XCConfigurationList section */
		8A8228601EC57F1100B21A46 /* Build configuration list for PBXProject "HandWriteTrain" */ = {
			isa = XCConfigurationList;
			buildConfigurations = (
				8A82286A1EC57F1100B21A46 /* Debug */,
				8A82286B1EC57F1100B21A46 /* Release */,
			);
			defaultConfigurationIsVisible = 0;
			defaultConfigurationName = Release;
		};
		8A82286C1EC57F1100B21A46 /* Build configuration list for PBXNativeTarget "HandWriteTrain" */ = {
			isa = XCConfigurationList;
			buildConfigurations = (
				8A82286D1EC57F1100B21A46 /* Debug */,
				8A82286E1EC57F1100B21A46 /* Release */,
			);
			defaultConfigurationIsVisible = 0;
		};
/* End XCConfigurationList section */
	};
	rootObject = 8A82285D1EC57F1100B21A46 /* Project object */;
}
